
Microsoft Visual Studio Solution File, Format Version 12.00
# Visual Studio Version 16
VisualStudioVersion = 16.0.31702.278
MinimumVisualStudioVersion = 10.0.40219.1
Project("{FAE04EC0-301F-11D3-BF4B-00C04F79EFBC}") = "TechHW4", "TechHW4\TechHW4.csproj", "{5F04905A-ACE1-4077-86C8-D610D69462DE}"
EndProject
Global
	GlobalSection(SolutionConfigurationPlatforms) = preSolution
		Debug|Any CPU = Debug|Any CPU
		Release|Any CPU = Release|Any CPU
	EndGlobalSection
	GlobalSection(ProjectConfigurationPlatforms) = postSolution
		{5F04905A-ACE1-4077-86C8-D610D69462DE}.Debug|Any CPU.ActiveCfg = Debug|Any CPU
		{5F04905A-ACE1-4077-86C8-D610D69462DE}.Debug|Any CPU.Build.0 = Debug|Any CPU
		{5F04905A-ACE1-4077-86C8-D610D69462DE}.Release|Any CPU.ActiveCfg = Release|Any CPU
		{5F04905A-ACE1-4077-86C8-D610D69462DE}.Release|Any CPU.Build.0 = Release|Any CPU
	EndGlobalSection
	GlobalSection(SolutionProperties) = preSolution
		HideSolutionNode = FALSE
	EndGlobalSection
	GlobalSection(ExtensibilityGlobals) = postSolution
		SolutionGuid = {6550B800-0497-4CDF-B5E2-7C00D15177F5}
	EndGlobalSection
EndGlobal
